
Microsoft Visual Studio Solution File, Format Version 12.00
# Visual Studio Version 17
VisualStudioVersion = 17.5.33516.290
MinimumVisualStudioVersion = 10.0.40219.1
Project("{8BC9CEB8-8B4A-11D0-8D11-00A0C91BC942}") = "Sample", "Sample\Sample.vcxproj", "{BDC3E63F-44CB-4E18-85F0-E9612C144ECA}"
EndProject
Global
	GlobalSection(SolutionConfigurationPlatforms) = preSolution
		Debug|ARM64 = Debug|ARM64
		Debug|x64 = Debug|x64
		Debug|x86 = Debug|x86
		Release|ARM64 = Release|ARM64
		Release|x64 = Release|x64
		Release|x86 = Release|x86
	EndGlobalSection
	GlobalSection(ProjectConfigurationPlatforms) = postSolution
		{BDC3E63F-44CB-4E18-85F0-E9612C144ECA}.Debug|ARM64.ActiveCfg = Debug|ARM64
		{BDC3E63F-44CB-4E18-85F0-E9612C144ECA}.Debug|ARM64.Build.0 = Debug|ARM64
		{BDC3E63F-44CB-4E18-85F0-E9612C144ECA}.Debug|ARM64.Deploy.0 = Debug|ARM64
		{BDC3E63F-44CB-4E18-85F0-E9612C144ECA}.Debug|x64.ActiveCfg = Debug|x64
		{BDC3E63F-44CB-4E18-85F0-E9612C144ECA}.Debug|x64.Build.0 = Debug|x64
		{BDC3E63F-44CB-4E18-85F0-E9612C144ECA}.Debug|x64.Deploy.0 = Debug|x64
		{BDC3E63F-44CB-4E18-85F0-E9612C144ECA}.Debug|x86.ActiveCfg = Debug|Win32
		{BDC3E63F-44CB-4E18-85F0-E9612C144ECA}.Debug|x86.Build.0 = Debug|Win32
		{BDC3E63F-44CB-4E18-85F0-E9612C144ECA}.Debug|x86.Deploy.0 = Debug|Win32
		{BDC3E63F-44CB-4E18-85F0-E9612C144ECA}.Release|ARM64.ActiveCfg = Release|ARM64
		{BDC3E63F-44CB-4E18-85F0-E9612C144ECA}.Release|ARM64.Build.0 = Release|ARM64
		{BDC3E63F-44CB-4E18-85F0-E9612C144ECA}.Release|ARM64.Deploy.0 = Release|ARM64
		{BDC3E63F-44CB-4E18-85F0-E9612C144ECA}.Release|x64.ActiveCfg = Release|x64
		{BDC3E63F-44CB-4E18-85F0-E9612C144ECA}.Release|x64.Build.0 = Release|x64
		{BDC3E63F-44CB-4E18-85F0-E9612C144ECA}.Release|x64.Deploy.0 = Release|x64
		{BDC3E63F-44CB-4E18-85F0-E9612C144ECA}.Release|x86.ActiveCfg = Release|Win32
		{BDC3E63F-44CB-4E18-85F0-E9612C144ECA}.Release|x86.Build.0 = Release|Win32
		{BDC3E63F-44CB-4E18-85F0-E9612C144ECA}.Release|x86.Deploy.0 = Release|Win32
	EndGlobalSection
	GlobalSection(SolutionProperties) = preSolution
		HideSolutionNode = FALSE
	EndGlobalSection
	GlobalSection(ExtensibilityGlobals) = postSolution
		SolutionGuid = {BE55D1DF-B0E3-4887-AE7C-008ED5D1F92E}
	EndGlobalSection
EndGlobal
